{
  "name": "signalk-polar-performance-plugin",
  "version": "1.2.0",
  "lockfileVersion": 2,
  "requires": true,
  "packages": {
    "": {
      "name": "signalk-polar-performance-plugin",
      "version": "1.2.0",
      "license": "Apache-2.0",
      "dependencies": {
        "signalkutilities": "^3.0.1"
      },
      "engines": {
        "node": ">=20",
        "signalk-server": ">=2.28.0"
      }
    },
    "node_modules/signalkutilities": {
      "version": "3.0.1",
      "resolved": "https://registry.npmjs.org/signalkutilities/-/signalkutilities-3.0.1.tgz",
      "integrity": "sha512-HarbFtOeR2uLf/e6c96DXSPnkWPVjOwJp0x0SHOhtM8aHuxGjjqHilBOA1i1tXD+TawiUoHdMqnAec0E9Kb6lQ==",
      "license": "ISC",
      "engines": {
        "node": ">=18"
      }
    }
  },
  "dependencies": {
    "signalkutilities": {
      "version": "3.0.1",
      "resolved": "https://registry.npmjs.org/signalkutilities/-/signalkutilities-3.0.1.tgz",
      "integrity": "sha512-HarbFtOeR2uLf/e6c96DXSPnkWPVjOwJp0x0SHOhtM8aHuxGjjqHilBOA1i1tXD+TawiUoHdMqnAec0E9Kb6lQ=="
    }
  }
}
