{
  "name": "signalk-polar-performance-plugin",
  "version": "1.4.1",
  "lockfileVersion": 2,
  "requires": true,
  "packages": {
    "": {
      "name": "signalk-polar-performance-plugin",
      "version": "1.4.1",
      "license": "Apache-2.0",
      "dependencies": {
        "signalkutilities": "^3.1.2"
      },
      "engines": {
        "node": ">=20",
        "signalk-server": ">=2.28.0"
      }
    },
    "node_modules/signalkutilities": {
      "version": "3.1.2",
      "resolved": "https://registry.npmjs.org/signalkutilities/-/signalkutilities-3.1.2.tgz",
      "integrity": "sha512-b59a2rFGVLSHa710eXBz3uyJ28Jdd6I5/56d3tUG1H/n/unzwURnvp1IqiONna+sLSaQA5Nypimxqid3Zny07g==",
      "license": "ISC",
      "engines": {
        "node": ">=18"
      }
    }
  },
  "dependencies": {
    "signalkutilities": {
      "version": "3.1.2",
      "resolved": "https://registry.npmjs.org/signalkutilities/-/signalkutilities-3.1.2.tgz",
      "integrity": "sha512-b59a2rFGVLSHa710eXBz3uyJ28Jdd6I5/56d3tUG1H/n/unzwURnvp1IqiONna+sLSaQA5Nypimxqid3Zny07g=="
    }
  }
}
