{
  "name": "signalk-polar-performance-plugin",
  "version": "1.0.1",
  "lockfileVersion": 2,
  "requires": true,
  "packages": {
    "": {
      "name": "signalk-polar-performance-plugin",
      "version": "1.0.1",
      "license": "Apache-2.0",
      "dependencies": {
        "signalkutilities": "^2.0.1"
      },
      "engines": {
        "node": ">=20",
        "signalk-server": ">=2.28.0"
      }
    },
    "node_modules/signalkutilities": {
      "version": "2.0.1",
      "resolved": "https://registry.npmjs.org/signalkutilities/-/signalkutilities-2.0.1.tgz",
      "integrity": "sha512-mO5ky+w0A0Jcd9RUpezaBLNfFSFQZIAiQIppaRYdpXcCB/yWTIXEkQVPlcmnzF2x4+cIXvlTRIsmL65i3wu74w==",
      "license": "ISC",
      "engines": {
        "node": ">=18"
      }
    }
  },
  "dependencies": {
    "signalkutilities": {
      "version": "2.0.1",
      "resolved": "https://registry.npmjs.org/signalkutilities/-/signalkutilities-2.0.1.tgz",
      "integrity": "sha512-mO5ky+w0A0Jcd9RUpezaBLNfFSFQZIAiQIppaRYdpXcCB/yWTIXEkQVPlcmnzF2x4+cIXvlTRIsmL65i3wu74w=="
    }
  }
}
